GEM
  remote: https://rubygems.org/
  specs:
    POpen4 (0.1.4)
      Platform (>= 0.4.0)
      open4
    Platform (0.4.0)
    activesupport (3.2.9)
      i18n (~> 0.6)
      multi_json (~> 1.0)
    chunky_png (1.2.6)
    coffee-script (2.2.0)
      coffee-script-source
      execjs
    coffee-script-source (1.3.3)
    commonjs (0.2.6)
    compass (0.12.2)
      chunky_png (~> 1.2)
      fssm (>= 0.2.7)
      sass (~> 3.1)
    daemons (1.1.9)
    eventmachine (1.0.0)
    execjs (1.4.0)
      multi_json (~> 1.0)
    ffi (1.2.0)
    fssm (0.2.9)
    haml (3.1.7)
    highline (1.6.15)
    hike (1.2.1)
    htmlcompressor (0.0.3)
      yui-compressor (~> 0.9.6)
    http_router (0.10.2)
      rack (>= 1.0.0)
      url_mount (~> 0.2.1)
    i18n (0.6.1)
    less (2.2.2)
      commonjs (~> 0.2.6)
    libv8 (3.3.10.4)
    listen (0.5.3)
    maruku (0.6.1)
      syntax (>= 1.0.0)
    middleman (3.0.6)
      middleman-core (= 3.0.6)
      middleman-more (= 3.0.6)
      middleman-sprockets (~> 3.0.2)
    middleman-core (3.0.6)
      activesupport (~> 3.2.6)
      bundler (~> 1.1)
      listen (~> 0.5.2)
      rack (~> 1.4.1)
      rack-test (~> 0.6.1)
      rb-fsevent (~> 0.9.1)
      rb-inotify (~> 0.8.8)
      thor (~> 0.15.4)
      tilt (~> 1.3.1)
    middleman-minify-html (3.0.0)
      htmlcompressor
      middleman-core (~> 3.0.0)
    middleman-more (3.0.6)
      coffee-script (~> 2.2.0)
      coffee-script-source (~> 1.3.3)
      compass (>= 0.12.2)
      execjs (~> 1.4.0)
      haml (>= 3.1.6)
      i18n (~> 0.6.0)
      maruku (~> 0.6.0)
      middleman-core (= 3.0.6)
      padrino-helpers (= 0.10.7)
      sass (>= 3.1.20)
      uglifier (~> 1.2.6)
    middleman-sprockets (3.0.4)
      middleman-more (~> 3.0.1)
      sprockets (~> 2.1, < 2.5)
      sprockets-sass (~> 0.8.0)
    multi_json (1.4.0)
    open4 (1.3.0)
    padrino-core (0.10.7)
      activesupport (~> 3.2.0)
      http_router (~> 0.10.2)
      sinatra (~> 1.3.1)
      thor (~> 0.15.2)
      tilt (~> 1.3.0)
    padrino-helpers (0.10.7)
      i18n (~> 0.6)
      padrino-core (= 0.10.7)
    rack (1.4.1)
    rack-contrib (1.1.0)
      rack (>= 0.9.1)
    rack-protection (1.2.0)
      rack
    rack-test (0.6.2)
      rack (>= 1.0)
    rb-fsevent (0.9.2)
    rb-inotify (0.8.8)
      ffi (>= 0.5.0)
    redcarpet (2.2.2)
    sass (3.2.3)
    sinatra (1.3.3)
      rack (~> 1.3, >= 1.3.6)
      rack-protection (~> 1.2)
      tilt (~> 1.3, >= 1.3.3)
    sprockets (2.4.5)
      hike (~> 1.2)
      multi_json (~> 1.0)
      rack (~> 1.0)
      tilt (~> 1.1, != 1.3.0)
    sprockets-sass (0.8.0)
      sprockets (~> 2.0)
      tilt (~> 1.1)
    syntax (1.0.0)
    therubyracer (0.10.2)
      libv8 (~> 3.3.10)
    thin (1.5.0)
      daemons (>= 1.0.9)
      eventmachine (>= 0.12.6)
      rack (>= 1.0.0)
    thor (0.15.4)
    tilt (1.3.3)
    uglifier (1.2.7)
      execjs (>= 0.3.0)
      multi_json (~> 1.3)
    url_mount (0.2.1)
      rack
    yui-compressor (0.9.6)
      POpen4 (>= 0.1.4)

PLATFORMS
  ruby

DEPENDENCIES
  highline (~> 1.6.15)
  less (~> 2.2.2)
  middleman (~> 3.0.6)
  middleman-minify-html (~> 3.0.0)
  rack-contrib (~> 1.1.0)
  redcarpet (~> 2.2.2)
  therubyracer (~> 0.10.2)
  thin (~> 1.5.0)
